{
  "name": "SellNow",
  "version": "0.0.1",
  "lockfileVersion": 1,
  "dependencies": {
    "react-native-app-settings": {
      "version": "1.0.2",
      "resolved": "https://registry.npmjs.org/react-native-app-settings/-/react-native-app-settings-1.0.2.tgz",
      "integrity": "sha1-2080DNtVCmrTt+hw5Kjlk313YXo="
    },
    "react-native-google-signin": {
      "version": "0.10.0",
      "resolved": "https://registry.npmjs.org/react-native-google-signin/-/react-native-google-signin-0.10.0.tgz",
      "integrity": "sha1-zEfTcmFlc17mHjpKWJws7YiPGpg="
    },
    "react-native-restart": {
      "version": "0.0.2",
      "resolved": "https://registry.npmjs.org/react-native-restart/-/react-native-restart-0.0.2.tgz",
      "integrity": "sha1-aTNTuxCS+Wo2xqJwbaIpVHhM+LE="
    }
  }
}
